{
  "nodes": {
    "agenix": {
      "inputs": {
        "nixpkgs": [
          "ragenix",
          "nixpkgs"
        ]
      },
      "locked": {
        "lastModified": 1637458245,
        "narHash": "sha256-2k0u5hO0o9p8LmcyDjGAEdZge7GGvZnKkJZEarLI9pA=",
        "owner": "ryantm",
        "repo": "agenix",
        "rev": "4a93de2bebf58a458611a5918a0ddd82d4ed15b1",
        "type": "github"
      },
      "original": {
        "owner": "ryantm",
        "repo": "agenix",
        "type": "github"
      }
    },
    "cachix": {
      "locked": {
        "lastModified": 1636944046,
        "narHash": "sha256-74KLDsiWSBsYXKj/ql9EGbw1TbIJRE7clFkhl30HV/c=",
        "owner": "nixos",
        "repo": "nixpkgs",
        "rev": "46251a79f752ae1d46ef733e8e9760b6d3429da4",
        "type": "github"
      },
      "original": {
        "owner": "nixos",
        "ref": "nixos-21.05",
        "repo": "nixpkgs",
        "type": "github"
      }
    },
    "devshell": {
      "locked": {
        "lastModified": 1637575296,
        "narHash": "sha256-ZY8YR5u8aglZPe27+AJMnPTG6645WuavB+w0xmhTarw=",
        "owner": "numtide",
        "repo": "devshell",
        "rev": "0e56ef21ba1a717169953122c7415fa6a8cd2618",
        "type": "github"
      },
      "original": {
        "owner": "numtide",
        "repo": "devshell",
        "type": "github"
      }
    },
    "flake-utils": {
      "locked": {
        "lastModified": 1637014545,
        "narHash": "sha256-26IZAc5yzlD9FlDT54io1oqG/bBoyka+FJk5guaX4x4=",
        "owner": "numtide",
        "repo": "flake-utils",
        "rev": "bba5dcc8e0b20ab664967ad83d24d64cb64ec4f4",
        "type": "github"
      },
      "original": {
        "owner": "numtide",
        "repo": "flake-utils",
        "type": "github"
      }
    },
    "flake-utils_2": {
      "locked": {
        "lastModified": 1629481132,
        "narHash": "sha256-JHgasjPR0/J1J3DRm4KxM4zTyAj4IOJY8vIl75v/kPI=",
        "owner": "numtide",
        "repo": "flake-utils",
        "rev": "997f7efcb746a9c140ce1f13c72263189225f482",
        "type": "github"
      },
      "original": {
        "owner": "numtide",
        "repo": "flake-utils",
        "type": "github"
      }
    },
    "home-manager": {
      "inputs": {
        "nixpkgs": [
          "nixpkgs"
        ]
      },
      "locked": {
        "lastModified": 1637516270,
        "narHash": "sha256-qTffAQ0kWA2qXMJUVMDsgXVbzMNI0BfR78vB/4QFA+o=",
        "owner": "nix-community",
        "repo": "home-manager",
        "rev": "15ae861e1bfad90e0d14106551544e9e07cbcb10",
        "type": "github"
      },
      "original": {
        "owner": "nix-community",
        "ref": "release-21.11",
        "repo": "home-manager",
        "type": "github"
      }
    },
    "impermanence": {
      "locked": {
        "lastModified": 1637278200,
        "narHash": "sha256-nwPBJpjHU8J0hhZ6l4Ytvi3qhcxXJVy4jOWurmzSv3A=",
        "owner": "nix-community",
        "repo": "impermanence",
        "rev": "0616c64b0ebcf08cc74db7820e74b807274246f6",
        "type": "github"
      },
      "original": {
        "owner": "nix-community",
        "repo": "impermanence",
        "type": "github"
      }
    },
    "naersk": {
      "inputs": {
        "nixpkgs": [
          "nixpkgs"
        ]
      },
      "locked": {
        "lastModified": 1637576998,
        "narHash": "sha256-bGQ66hh4Dl78T9bd1pqdp6fprHMCkrkeKqED6sDUYqo=",
        "owner": "nix-community",
        "repo": "naersk",
        "rev": "b043f2447a4a761529254f4983cacd94b034a122",
        "type": "github"
      },
      "original": {
        "owner": "nix-community",
        "repo": "naersk",
        "type": "github"
      }
    },
    "naersk_2": {
      "inputs": {
        "nixpkgs": [
          "ragenix",
          "nixpkgs"
        ]
      },
      "locked": {
        "lastModified": 1636968630,
        "narHash": "sha256-/C8OVV8mo9M9MgQprHo4A5bM9waWMsw6PI4hb4DnGaA=",
        "owner": "nix-community",
        "repo": "naersk",
        "rev": "55c4c0288ea3f115b5dd73af88052c4712994746",
        "type": "github"
      },
      "original": {
        "owner": "nix-community",
        "repo": "naersk",
        "type": "github"
      }
    },
    "nix-wayland": {
      "inputs": {
        "cachix": "cachix",
        "nixpkgs": [
          "nixpkgs"
        ]
      },
      "locked": {
        "lastModified": 1637070249,
        "narHash": "sha256-krQ9TKJ9WZ8/x4XXw7F4oi3YtvmTX+4ZIxlLLEtH2EI=",
        "owner": "colemickens",
        "repo": "nixpkgs-wayland",
        "rev": "cb1b04357950f55b36a3d7c546e6af7e65fcd5d6",
        "type": "github"
      },
      "original": {
        "owner": "colemickens",
        "repo": "nixpkgs-wayland",
        "type": "github"
      }
    },
    "nixpkgs": {
      "locked": {
        "lastModified": 1637741280,
        "narHash": "sha256-O5JZVH37ZPSNYOtQI8Yo1qyWL8KY/zrgXFowvho59/E=",
        "owner": "nixos",
        "repo": "nixpkgs",
        "rev": "b0ad37110045447f74207e45a970d7a27f9d1657",
        "type": "github"
      },
      "original": {
        "owner": "nixos",
        "ref": "release-21.11",
        "repo": "nixpkgs",
        "type": "github"
      }
    },
    "nixpkgs-nixos-test": {
      "locked": {
        "lastModified": 1632909223,
        "narHash": "sha256-f8J2eG5n8eORyV1HLBA1PWojzSUbpvkYyuLSMHrGQKU=",
        "owner": "nixos",
        "repo": "nixpkgs",
        "rev": "e1fc1a80a071c90ab65fb6eafae5520579163783",
        "type": "github"
      },
      "original": {
        "owner": "nixos",
        "repo": "nixpkgs",
        "rev": "e1fc1a80a071c90ab65fb6eafae5520579163783",
        "type": "github"
      }
    },
    "nixpkgs_2": {
      "locked": {
        "lastModified": 1627170405,
        "narHash": "sha256-6t7ISnt0Iqc2jxIf5+/su6eFmZNWnPAOA1JeOv9lLRE=",
        "owner": "NixOS",
        "repo": "nixpkgs",
        "rev": "ecaf3da9340231e5493eccc3db87604a3705da42",
        "type": "github"
      },
      "original": {
        "id": "nixpkgs",
        "ref": "nixpkgs-unstable",
        "type": "indirect"
      }
    },
    "nixpkgs_3": {
      "locked": {
        "lastModified": 1637453606,
        "narHash": "sha256-Gy6cwUswft9xqsjWxFYEnx/63/qzaFUwatcbV5GF/GQ=",
        "owner": "NixOS",
        "repo": "nixpkgs",
        "rev": "8afc4e543663ca0a6a4f496262cd05233737e732",
        "type": "github"
      },
      "original": {
        "owner": "NixOS",
        "ref": "nixpkgs-unstable",
        "repo": "nixpkgs",
        "type": "github"
      }
    },
    "nixpolyglot": {
      "inputs": {
        "nixpkgs": "nixpkgs_2",
        "rust": "rust"
      },
      "locked": {
        "narHash": "sha256-Sdohmxj6LBZLSgtoos8KKEPpKCNl8w5KMw47UcZsgg4=",
        "path": "/nix/store/wc1mi7npyi64xfw0274zf1091074ma4w-source/external/nixpolyglot",
        "type": "path"
      },
      "original": {
        "path": "/nix/store/wc1mi7npyi64xfw0274zf1091074ma4w-source/external/nixpolyglot",
        "type": "path"
      }
    },
    "nur": {
      "locked": {
        "lastModified": 1637735220,
        "narHash": "sha256-BH5p0PLPVY2/xy/l256SWggT94nQ8KgIZQXTcbGODGo=",
        "owner": "nix-community",
        "repo": "NUR",
        "rev": "8e115b75c09ae5c85a9f2a3405b493213270fadb",
        "type": "github"
      },
      "original": {
        "owner": "nix-community",
        "repo": "NUR",
        "type": "github"
      }
    },
    "ragenix": {
      "inputs": {
        "agenix": "agenix",
        "flake-utils": [
          "utils"
        ],
        "naersk": "naersk_2",
        "nixpkgs": [
          "nixpkgs"
        ],
        "nixpkgs-nixos-test": "nixpkgs-nixos-test",
        "rust-overlay": "rust-overlay"
      },
      "locked": {
        "lastModified": 1637547305,
        "narHash": "sha256-KRUmIC0VpoLrjgCgEp+kuN/pBKLYu8+JX7BZ15sUY3U=",
        "owner": "yaxitech",
        "repo": "ragenix",
        "rev": "1d4d0be4795adc4a9f3e520675f4dfcd38c8415a",
        "type": "github"
      },
      "original": {
        "owner": "yaxitech",
        "repo": "ragenix",
        "type": "github"
      }
    },
    "root": {
      "inputs": {
        "devshell": "devshell",
        "home-manager": "home-manager",
        "impermanence": "impermanence",
        "naersk": "naersk",
        "nix-wayland": "nix-wayland",
        "nixpkgs": "nixpkgs",
        "nixpolyglot": "nixpolyglot",
        "nur": "nur",
        "ragenix": "ragenix",
        "unstable": "unstable",
        "utils": "utils"
      }
    },
    "rust": {
      "inputs": {
        "flake-utils": "flake-utils",
        "nixpkgs": "nixpkgs_3"
      },
      "locked": {
        "lastModified": 1638065687,
        "narHash": "sha256-T8s/mgeS74Qtk48HEnZiQxpleekJP6rFPgkffG7imBc=",
        "owner": "oxalica",
        "repo": "rust-overlay",
        "rev": "1cd4ebce6b21f9aa38bfa3d5021135ea5568797f",
        "type": "github"
      },
      "original": {
        "owner": "oxalica",
        "repo": "rust-overlay",
        "type": "github"
      }
    },
    "rust-overlay": {
      "inputs": {
        "flake-utils": [
          "ragenix",
          "flake-utils"
        ],
        "nixpkgs": [
          "ragenix",
          "nixpkgs"
        ]
      },
      "locked": {
        "lastModified": 1637461037,
        "narHash": "sha256-9cH/lT6mTnOGyGjLvDR+wDzPid8Y6RkOCw692dQfGhM=",
        "owner": "oxalica",
        "repo": "rust-overlay",
        "rev": "aa07ec748a0d450ff726acb25438251333d403d8",
        "type": "github"
      },
      "original": {
        "owner": "oxalica",
        "repo": "rust-overlay",
        "type": "github"
      }
    },
    "unstable": {
      "locked": {
        "lastModified": 1637595801,
        "narHash": "sha256-LkIMwVFKCuEqidaUdg8uxwpESAXjsPo4oCz3eJ7RaRw=",
        "owner": "nixos",
        "repo": "nixpkgs",
        "rev": "263ef4cc4146c9fab808085487438c625d4426a9",
        "type": "github"
      },
      "original": {
        "owner": "nixos",
        "ref": "nixos-unstable",
        "repo": "nixpkgs",
        "type": "github"
      }
    },
    "utils": {
      "inputs": {
        "flake-utils": "flake-utils_2"
      },
      "locked": {
        "lastModified": 1632420560,
        "narHash": "sha256-8Tsa4Hp/CHCA6J8/E7EODhp75z5N1NBhFiOb3lBv/tI=",
        "owner": "gytis-ivaskevicius",
        "repo": "flake-utils-plus",
        "rev": "4b1bcafcfcd78bd36ceabfe3872822ba5c7fcbe8",
        "type": "github"
      },
      "original": {
        "owner": "gytis-ivaskevicius",
        "ref": "v1.3.0",
        "repo": "flake-utils-plus",
        "type": "github"
      }
    }
  },
  "root": "root",
  "version": 7
}
