{
  "nodes": {
    "agenix": {
      "inputs": {
        "nixpkgs": "nixpkgs_2"
      },
      "locked": {
        "lastModified": 1638837456,
        "narHash": "sha256-WHLOxthAGx/wXw3QUa/lFE3mr6cQtnXfFYZ0DNyYwt4=",
        "owner": "ryantm",
        "repo": "agenix",
        "rev": "57806bf7e340f4cae705c91748d4fdf8519293a9",
        "type": "github"
      },
      "original": {
        "owner": "ryantm",
        "repo": "agenix",
        "type": "github"
      }
    },
    "cachix": {
      "locked": {
        "lastModified": 1637798660,
        "narHash": "sha256-MrPmoGeiOjlT17j3ZQx6iab07YVnomRiBFLcOCiCYnk=",
        "owner": "nixos",
        "repo": "nixpkgs",
        "rev": "91e6a9a6568f751bb10222a937507e7e151a035e",
        "type": "github"
      },
      "original": {
        "owner": "nixos",
        "ref": "nixos-21.05",
        "repo": "nixpkgs",
        "type": "github"
      }
    },
    "devshell": {
      "locked": {
        "lastModified": 1640301433,
        "narHash": "sha256-eplae8ZNiEmxbOgwUn9IihaJfEUxoUilkwciRPGskYE=",
        "owner": "numtide",
        "repo": "devshell",
        "rev": "f87fb932740abe1c1b46f6edd8a36ade17881666",
        "type": "github"
      },
      "original": {
        "owner": "numtide",
        "repo": "devshell",
        "type": "github"
      }
    },
    "fhs-compat": {
      "locked": {
        "lastModified": 1638624912,
        "narHash": "sha256-+luMnWfRmPLgIh63AONik/9pvwxUjjK8PaMVqfJEUzE=",
        "owner": "balsoft",
        "repo": "nixos-fhs-compat",
        "rev": "0cf9397b825686b3cfa34a0d0bdcdeabcbb8ea03",
        "type": "github"
      },
      "original": {
        "owner": "balsoft",
        "repo": "nixos-fhs-compat",
        "type": "github"
      }
    },
    "flake-utils": {
      "locked": {
        "lastModified": 1637014545,
        "narHash": "sha256-26IZAc5yzlD9FlDT54io1oqG/bBoyka+FJk5guaX4x4=",
        "owner": "numtide",
        "repo": "flake-utils",
        "rev": "bba5dcc8e0b20ab664967ad83d24d64cb64ec4f4",
        "type": "github"
      },
      "original": {
        "owner": "numtide",
        "repo": "flake-utils",
        "type": "github"
      }
    },
    "flake-utils_2": {
      "locked": {
        "lastModified": 1629481132,
        "narHash": "sha256-JHgasjPR0/J1J3DRm4KxM4zTyAj4IOJY8vIl75v/kPI=",
        "owner": "numtide",
        "repo": "flake-utils",
        "rev": "997f7efcb746a9c140ce1f13c72263189225f482",
        "type": "github"
      },
      "original": {
        "owner": "numtide",
        "repo": "flake-utils",
        "type": "github"
      }
    },
    "home-manager": {
      "inputs": {
        "nixpkgs": [
          "nixpkgs"
        ]
      },
      "locked": {
        "lastModified": 1639871969,
        "narHash": "sha256-6feWUnMygRzA9tzkrfAzpA5/NBYg75bkFxnqb1DtD7E=",
        "owner": "nix-community",
        "repo": "home-manager",
        "rev": "697cc8c68ed6a606296efbbe9614c32537078756",
        "type": "github"
      },
      "original": {
        "owner": "nix-community",
        "ref": "release-21.11",
        "repo": "home-manager",
        "type": "github"
      }
    },
    "impermanence": {
      "locked": {
        "lastModified": 1638981861,
        "narHash": "sha256-rDEn/hU9ayDig2HMYKN71InhY1LV5slxp9Zy2iPBysQ=",
        "owner": "nix-community",
        "repo": "impermanence",
        "rev": "df5038f20c9efd442944fe26b93f41c0dc5217da",
        "type": "github"
      },
      "original": {
        "owner": "nix-community",
        "repo": "impermanence",
        "type": "github"
      }
    },
    "naersk": {
      "inputs": {
        "nixpkgs": [
          "nixpkgs"
        ]
      },
      "locked": {
        "lastModified": 1639947939,
        "narHash": "sha256-pGsM8haJadVP80GFq4xhnSpNitYNQpaXk4cnA796Cso=",
        "owner": "nix-community",
        "repo": "naersk",
        "rev": "2fc8ce9d3c025d59fee349c1f80be9785049d653",
        "type": "github"
      },
      "original": {
        "owner": "nix-community",
        "repo": "naersk",
        "type": "github"
      }
    },
    "nix-wayland": {
      "inputs": {
        "cachix": "cachix",
        "nixpkgs": [
          "nixpkgs"
        ]
      },
      "locked": {
        "lastModified": 1637983357,
        "narHash": "sha256-kferWoUKAAJO17t2D2nsEMvjMmOH1zyJPFUHtm+Cgn4=",
        "owner": "colemickens",
        "repo": "nixpkgs-wayland",
        "rev": "1e481bafca9e03ead4b85e4f46d8d959c5f9b11c",
        "type": "github"
      },
      "original": {
        "owner": "colemickens",
        "repo": "nixpkgs-wayland",
        "type": "github"
      }
    },
    "nixpkgs": {
      "locked": {
        "lastModified": 1640531271,
        "narHash": "sha256-WsUVTlPu1k3rXg3dyA0KMNvM9rnCEU0Fx4W0QI4rsXE=",
        "owner": "nixos",
        "repo": "nixpkgs",
        "rev": "04bd2d1a4700907997be007a2a8f39edd59dac24",
        "type": "github"
      },
      "original": {
        "owner": "nixos",
        "ref": "nixos-21.11",
        "repo": "nixpkgs",
        "type": "github"
      }
    },
    "nixpkgs_2": {
      "locked": {
        "lastModified": 1640418986,
        "narHash": "sha256-a8GGtxn2iL3WAkY5H+4E0s3Q7XJt6bTOvos9qqxT5OQ=",
        "owner": "NixOS",
        "repo": "nixpkgs",
        "rev": "5c37ad87222cfc1ec36d6cd1364514a9efc2f7f2",
        "type": "github"
      },
      "original": {
        "id": "nixpkgs",
        "type": "indirect"
      }
    },
    "nixpolyglot": {
      "inputs": {
        "nixpkgs": [
          "nixpkgs"
        ],
        "rust": [
          "rust"
        ]
      },
      "locked": {
        "narHash": "sha256-Vw+1wnJcplGARJpUjnwRpGPyHkLKgxebe/fnWXzy/Ng=",
        "path": "/nix/store/91phqwh9jfzlvpnzf29n8wlg16a2r8p3-source/external/nixpolyglot",
        "type": "path"
      },
      "original": {
        "path": "/nix/store/91phqwh9jfzlvpnzf29n8wlg16a2r8p3-source/external/nixpolyglot",
        "type": "path"
      }
    },
    "nur": {
      "locked": {
        "lastModified": 1640636832,
        "narHash": "sha256-6ysveaK6DFbRjFNo7kv3MLHh7XwcGWqNSi+OwRM7Maw=",
        "owner": "nix-community",
        "repo": "NUR",
        "rev": "129419eebd4ab5fbfe9cfcf3f57962988654ea50",
        "type": "github"
      },
      "original": {
        "owner": "nix-community",
        "repo": "NUR",
        "type": "github"
      }
    },
    "ragenix": {
      "inputs": {
        "agenix": "agenix",
        "flake-utils": [
          "utils"
        ],
        "nixpkgs": [
          "nixpkgs"
        ],
        "rust-overlay": [
          "rust"
        ]
      },
      "locked": {
        "lastModified": 1640622473,
        "narHash": "sha256-O2XpB4jILoxKlzjcl33+ueDbwfp9Ax18dr6HJ//ERX0=",
        "owner": "yaxitech",
        "repo": "ragenix",
        "rev": "97d9f72b6bdc2ec1c1b38380a31deb3a89bde1f8",
        "type": "github"
      },
      "original": {
        "owner": "yaxitech",
        "repo": "ragenix",
        "type": "github"
      }
    },
    "root": {
      "inputs": {
        "devshell": "devshell",
        "fhs-compat": "fhs-compat",
        "home-manager": "home-manager",
        "impermanence": "impermanence",
        "naersk": "naersk",
        "nix-wayland": "nix-wayland",
        "nixpkgs": "nixpkgs",
        "nixpolyglot": "nixpolyglot",
        "nur": "nur",
        "ragenix": "ragenix",
        "rust": "rust",
        "unstable": "unstable",
        "utils": "utils"
      }
    },
    "rust": {
      "inputs": {
        "flake-utils": "flake-utils",
        "nixpkgs": [
          "nixpkgs"
        ]
      },
      "locked": {
        "lastModified": 1640572736,
        "narHash": "sha256-SEp9Q3ZJiZjntDaZ6vc66aZrFhMlgiCqcUZQL2VisDQ=",
        "owner": "oxalica",
        "repo": "rust-overlay",
        "rev": "9ce4f45e4ed4ea9bb562e70bac92922e1687db13",
        "type": "github"
      },
      "original": {
        "owner": "oxalica",
        "repo": "rust-overlay",
        "type": "github"
      }
    },
    "unstable": {
      "locked": {
        "lastModified": 1640540585,
        "narHash": "sha256-cCmknKFjWgam9jq+58wSd0Z4REia8mjBP65kXcL3ki8=",
        "owner": "nixos",
        "repo": "nixpkgs",
        "rev": "ac169ec6371f0d835542db654a65e0f2feb07838",
        "type": "github"
      },
      "original": {
        "owner": "nixos",
        "ref": "nixos-unstable",
        "repo": "nixpkgs",
        "type": "github"
      }
    },
    "utils": {
      "inputs": {
        "flake-utils": "flake-utils_2"
      },
      "locked": {
        "lastModified": 1632420560,
        "narHash": "sha256-8Tsa4Hp/CHCA6J8/E7EODhp75z5N1NBhFiOb3lBv/tI=",
        "owner": "gytis-ivaskevicius",
        "repo": "flake-utils-plus",
        "rev": "4b1bcafcfcd78bd36ceabfe3872822ba5c7fcbe8",
        "type": "github"
      },
      "original": {
        "owner": "gytis-ivaskevicius",
        "ref": "v1.3.0",
        "repo": "flake-utils-plus",
        "type": "github"
      }
    }
  },
  "root": "root",
  "version": 7
}
